
Microsoft Visual Studio Solution File, Format Version 12.00
# Visual Studio 15
VisualStudioVersion = 15.0.27428.2005
MinimumVisualStudioVersion = 10.0.40219.1
Project("{FAE04EC0-301F-11D3-BF4B-00C04F79EFBC}") = "RPNCalculatorKata", "RPNCalculatorKata\RPNCalculatorKata.csproj", "{319D3431-FD70-454E-B040-E09666177A97}"
EndProject
Project("{FAE04EC0-301F-11D3-BF4B-00C04F79EFBC}") = "RPNCalculatorKataTests", "RPNCalculatorKataTests\RPNCalculatorKataTests.csproj", "{3A9B956B-0836-45B8-AC04-C52F9D7F180B}"
EndProject
Global
	GlobalSection(SolutionConfigurationPlatforms) = preSolution
		Debug|Any CPU = Debug|Any CPU
		Release|Any CPU = Release|Any CPU
	EndGlobalSection
	GlobalSection(ProjectConfigurationPlatforms) = postSolution
		{319D3431-FD70-454E-B040-E09666177A97}.Debug|Any CPU.ActiveCfg = Debug|Any CPU
		{319D3431-FD70-454E-B040-E09666177A97}.Debug|Any CPU.Build.0 = Debug|Any CPU
		{319D3431-FD70-454E-B040-E09666177A97}.Release|Any CPU.ActiveCfg = Release|Any CPU
		{319D3431-FD70-454E-B040-E09666177A97}.Release|Any CPU.Build.0 = Release|Any CPU
		{3A9B956B-0836-45B8-AC04-C52F9D7F180B}.Debug|Any CPU.ActiveCfg = Debug|Any CPU
		{3A9B956B-0836-45B8-AC04-C52F9D7F180B}.Debug|Any CPU.Build.0 = Debug|Any CPU
		{3A9B956B-0836-45B8-AC04-C52F9D7F180B}.Release|Any CPU.ActiveCfg = Release|Any CPU
		{3A9B956B-0836-45B8-AC04-C52F9D7F180B}.Release|Any CPU.Build.0 = Release|Any CPU
	EndGlobalSection
	GlobalSection(SolutionProperties) = preSolution
		HideSolutionNode = FALSE
	EndGlobalSection
	GlobalSection(ExtensibilityGlobals) = postSolution
		SolutionGuid = {94FC1B64-DC5E-4673-BF5A-F3C986DB65C0}
	EndGlobalSection
EndGlobal
